
Microsoft Visual Studio Solution File, Format Version 12.00
# Visual Studio Version 16
VisualStudioVersion = 16.0.31205.134
MinimumVisualStudioVersion = 10.0.40219.1
Project("{FAE04EC0-301F-11D3-BF4B-00C04F79EFBC}") = "LSystem", "LSystem\LSystem.csproj", "{DFF6CEE0-03EC-40B5-B80B-994A686226DE}"
EndProject
Project("{FAE04EC0-301F-11D3-BF4B-00C04F79EFBC}") = "LSystemDesigner", "LSystemDesigner\LSystemDesigner.csproj", "{224CFE67-2597-4675-808F-212BBFEBE794}"
EndProject
Project("{2150E333-8FDC-42A3-9474-1A3956D46DE8}") = "L-Systems", "L-Systems", "{D9C31D52-945B-4243-A859-17DF53C1EB17}"
EndProject
Global
	GlobalSection(SolutionConfigurationPlatforms) = preSolution
		Debug|Any CPU = Debug|Any CPU
		Release|Any CPU = Release|Any CPU
	EndGlobalSection
	GlobalSection(ProjectConfigurationPlatforms) = postSolution
		{DFF6CEE0-03EC-40B5-B80B-994A686226DE}.Debug|Any CPU.ActiveCfg = Debug|Any CPU
		{DFF6CEE0-03EC-40B5-B80B-994A686226DE}.Debug|Any CPU.Build.0 = Debug|Any CPU
		{DFF6CEE0-03EC-40B5-B80B-994A686226DE}.Release|Any CPU.ActiveCfg = Release|Any CPU
		{DFF6CEE0-03EC-40B5-B80B-994A686226DE}.Release|Any CPU.Build.0 = Release|Any CPU
		{224CFE67-2597-4675-808F-212BBFEBE794}.Debug|Any CPU.ActiveCfg = Debug|Any CPU
		{224CFE67-2597-4675-808F-212BBFEBE794}.Debug|Any CPU.Build.0 = Debug|Any CPU
		{224CFE67-2597-4675-808F-212BBFEBE794}.Release|Any CPU.ActiveCfg = Release|Any CPU
		{224CFE67-2597-4675-808F-212BBFEBE794}.Release|Any CPU.Build.0 = Release|Any CPU
	EndGlobalSection
	GlobalSection(SolutionProperties) = preSolution
		HideSolutionNode = FALSE
	EndGlobalSection
	GlobalSection(NestedProjects) = preSolution
		{DFF6CEE0-03EC-40B5-B80B-994A686226DE} = {D9C31D52-945B-4243-A859-17DF53C1EB17}
		{224CFE67-2597-4675-808F-212BBFEBE794} = {D9C31D52-945B-4243-A859-17DF53C1EB17}
	EndGlobalSection
	GlobalSection(ExtensibilityGlobals) = postSolution
		SolutionGuid = {BBA204F5-8472-4768-84C7-AD92A3CC7FD0}
	EndGlobalSection
EndGlobal
